{
  "name": "opencc-js",
  "version": "0.2.2",
  "lockfileVersion": 1,
  "requires": true,
  "dependencies": {
    "opencc-data": {
      "version": "1.0.3",
      "resolved": "https://registry.npmjs.org/opencc-data/-/opencc-data-1.0.3.tgz",
      "integrity": "sha1-3K/lZGpja+2lPQ5YGf3JmtKCup4="
    }
  }
}
